// !$*UTF8*$!
{
	archiveVersion = 1;
	classes = {
	};
	objectVersion = 48;
	objects = {

/* Begin PBXBuildFile section */
		A218D03C20D9596000021695 /* Main.storyboard in Resources */ = {isa = PBXBuildFile; fileRef = A218D03A20D9596000021695 /* Main.storyboard */; };
		A218D03D20D9596000021695 /* LaunchScreen.storyboard in Resources */ = {isa = PBXBuildFile; fileRef = A218D03B20D9596000021695 /* LaunchScreen.storyboard */; };
		A21C196420D951F700C7E889 /* AppDelegate.swift in Sources */ = {isa = PBXBuildFile; fileRef = A21C196320D951F700C7E889 /* AppDelegate.swift */; };
		A21C196B20D951F700C7E889 /* Assets.xcassets in Resources */ = {isa = PBXBuildFile; fileRef = A21C196A20D951F700C7E889 /* Assets.xcassets */; };
		F67494CCFD556EDE33ED4B50 /* Pods_Eat_Share.framework in Frameworks */ = {isa = PBXBuildFile; fileRef = 16D41C620AD20F2A8CC0ADC8 /* Pods_Eat_Share.framework */; };
/* End PBXBuildFile section */

/* Begin PBXFileReference section */
		16D41C620AD20F2A8CC0ADC8 /* Pods_Eat_Share.framework */ = {isa = PBXFileReference; explicitFileType = wrapper.framework; includeInIndex = 0; path = Pods_Eat_Share.framework; sourceTree = BUILT_PRODUCTS_DIR; };
		6AAE8A0F297003E15BDAC4BF /* Pods-Eat&Share.debug.xcconfig */ = {isa = PBXFileReference; includeInIndex = 1; lastKnownFileType = text.xcconfig; name = "Pods-Eat&Share.debug.xcconfig"; path = "Pods/Target Support Files/Pods-Eat&Share/Pods-Eat&Share.debug.xcconfig"; sourceTree = "<group>"; };
		A1F24E517D55C20B99600FD1 /* Pods-Eat&Share.release.xcconfig */ = {isa = PBXFileReference; includeInIndex = 1; lastKnownFileType = text.xcconfig; name = "Pods-Eat&Share.release.xcconfig"; path = "Pods/Target Support Files/Pods-Eat&Share/Pods-Eat&Share.release.xcconfig"; sourceTree = "<group>"; };
		A218D03A20D9596000021695 /* Main.storyboard */ = {isa = PBXFileReference; fileEncoding = 4; lastKnownFileType = file.storyboard; path = Main.storyboard; sourceTree = "<group>"; };
		A218D03B20D9596000021695 /* LaunchScreen.storyboard */ = {isa = PBXFileReference; fileEncoding = 4; lastKnownFileType = file.storyboard; path = LaunchScreen.storyboard; sourceTree = "<group>"; };
		A21C196020D951F700C7E889 /* Eat&Share.app */ = {isa = PBXFileReference; explicitFileType = wrapper.application; includeInIndex = 0; path = "Eat&Share.app"; sourceTree = BUILT_PRODUCTS_DIR; };
		A21C196320D951F700C7E889 /* AppDelegate.swift */ = {isa = PBXFileReference; lastKnownFileType = sourcecode.swift; path = AppDelegate.swift; sourceTree = "<group>"; };
		A21C196A20D951F700C7E889 /* Assets.xcassets */ = {isa = PBXFileReference; lastKnownFileType = folder.assetcatalog; path = Assets.xcassets; sourceTree = "<group>"; };
		A21C196F20D951F700C7E889 /* Info.plist */ = {isa = PBXFileReference; lastKnownFileType = text.plist.xml; path = Info.plist; sourceTree = "<group>"; };
/* End PBXFileReference section */

/* Begin PBXFrameworksBuildPhase section */
		A21C195D20D951F700C7E889 /* Frameworks */ = {
			isa = PBXFrameworksBuildPhase;
			buildActionMask = 2147483647;
			files = (
				F67494CCFD556EDE33ED4B50 /* Pods_Eat_Share.framework in Frameworks */,
			);
			runOnlyForDeploymentPostprocessing = 0;
		};
/* End PBXFrameworksBuildPhase section */

/* Begin PBXGroup section */
		5AEF774B7704561F362D02D1 /* Frameworks */ = {
			isa = PBXGroup;
			children = (
				16D41C620AD20F2A8CC0ADC8 /* Pods_Eat_Share.framework */,
			);
			name = Frameworks;
			sourceTree = "<group>";
		};
		A218D03E20D9597E00021695 /* Base */ = {
			isa = PBXGroup;
			children = (
			);
			path = Base;
			sourceTree = "<group>";
		};
		A218D03F20D9598700021695 /* Utils */ = {
			isa = PBXGroup;
			children = (
			);
			path = Utils;
			sourceTree = "<group>";
		};
		A218D04020D9599200021695 /* Entities */ = {
			isa = PBXGroup;
			children = (
			);
			path = Entities;
			sourceTree = "<group>";
		};
		A218D04120D9599E00021695 /* ViewControllers */ = {
			isa = PBXGroup;
			children = (
			);
			path = ViewControllers;
			sourceTree = "<group>";
		};
		A218D04220D959A400021695 /* Presenters */ = {
			isa = PBXGroup;
			children = (
			);
			path = Presenters;
			sourceTree = "<group>";
		};
		A218D04320D959AA00021695 /* UI */ = {
			isa = PBXGroup;
			children = (
				A218D03A20D9596000021695 /* Main.storyboard */,
				A218D03B20D9596000021695 /* LaunchScreen.storyboard */,
			);
			path = UI;
			sourceTree = "<group>";
		};
		A218D04420D959AE00021695 /* Resources */ = {
			isa = PBXGroup;
			children = (
				A21C196A20D951F700C7E889 /* Assets.xcassets */,
			);
			path = Resources;
			sourceTree = "<group>";
		};
		A218D04520D959BA00021695 /* Repositories */ = {
			isa = PBXGroup;
			children = (
			);
			path = Repositories;
			sourceTree = "<group>";
		};
		A218D04620D959E300021695 /* Protocols */ = {
			isa = PBXGroup;
			children = (
			);
			path = Protocols;
			sourceTree = "<group>";
		};
		A21C195720D951F700C7E889 = {
			isa = PBXGroup;
			children = (
				A21C196220D951F700C7E889 /* Eat&Share */,
				A21C196120D951F700C7E889 /* Products */,
				F0B6934C48C2526C0FD54193 /* Pods */,
				5AEF774B7704561F362D02D1 /* Frameworks */,
			);
			sourceTree = "<group>";
		};
		A21C196120D951F700C7E889 /* Products */ = {
			isa = PBXGroup;
			children = (
				A21C196020D951F700C7E889 /* Eat&Share.app */,
			);
			name = Products;
			sourceTree = "<group>";
		};
		A21C196220D951F700C7E889 /* Eat&Share */ = {
			isa = PBXGroup;
			children = (
				A21C196320D951F700C7E889 /* AppDelegate.swift */,
				A21C196F20D951F700C7E889 /* Info.plist */,
				A218D03E20D9597E00021695 /* Base */,
				A218D03F20D9598700021695 /* Utils */,
				A218D04020D9599200021695 /* Entities */,
				A218D04120D9599E00021695 /* ViewControllers */,
				A218D04220D959A400021695 /* Presenters */,
				A218D04620D959E300021695 /* Protocols */,
				A218D04520D959BA00021695 /* Repositories */,
				A218D04320D959AA00021695 /* UI */,
				A218D04420D959AE00021695 /* Resources */,
			);
			path = "Eat&Share";
			sourceTree = "<group>";
		};
		F0B6934C48C2526C0FD54193 /* Pods */ = {
			isa = PBXGroup;
			children = (
				6AAE8A0F297003E15BDAC4BF /* Pods-Eat&Share.debug.xcconfig */,
				A1F24E517D55C20B99600FD1 /* Pods-Eat&Share.release.xcconfig */,
			);
			name = Pods;
			sourceTree = "<group>";
		};
/* End PBXGroup section */

/* Begin PBXNativeTarget section */
		A21C195F20D951F700C7E889 /* Eat&Share */ = {
			isa = PBXNativeTarget;
			buildConfigurationList = A21C197220D951F700C7E889 /* Build configuration list for PBXNativeTarget "Eat&Share" */;
			buildPhases = (
				32F65EC9367E8D459A8496EB /* [CP] Check Pods Manifest.lock */,
				A21C195C20D951F700C7E889 /* Sources */,
				A21C195D20D951F700C7E889 /* Frameworks */,
				A21C195E20D951F700C7E889 /* Resources */,
			);
			buildRules = (
			);
			dependencies = (
			);
			name = "Eat&Share";
			productName = "Eat&Share";
			productReference = A21C196020D951F700C7E889 /* Eat&Share.app */;
			productType = "com.apple.product-type.application";
		};
/* End PBXNativeTarget section */

/* Begin PBXProject section */
		A21C195820D951F700C7E889 /* Project object */ = {
			isa = PBXProject;
			attributes = {
				LastSwiftUpdateCheck = 0920;
				LastUpgradeCheck = 0920;
				ORGANIZATIONNAME = MDlab;
				TargetAttributes = {
					A21C195F20D951F700C7E889 = {
						CreatedOnToolsVersion = 9.2;
						ProvisioningStyle = Automatic;
					};
				};
			};
			buildConfigurationList = A21C195B20D951F700C7E889 /* Build configuration list for PBXProject "Eat&Share" */;
			compatibilityVersion = "Xcode 8.0";
			developmentRegion = en;
			hasScannedForEncodings = 0;
			knownRegions = (
				en,
				Base,
			);
			mainGroup = A21C195720D951F700C7E889;
			productRefGroup = A21C196120D951F700C7E889 /* Products */;
			projectDirPath = "";
			projectRoot = "";
			targets = (
				A21C195F20D951F700C7E889 /* Eat&Share */,
			);
		};
/* End PBXProject section */

/* Begin PBXResourcesBuildPhase section */
		A21C195E20D951F700C7E889 /* Resources */ = {
			isa = PBXResourcesBuildPhase;
			buildActionMask = 2147483647;
			files = (
				A218D03D20D9596000021695 /* LaunchScreen.storyboard in Resources */,
				A21C196B20D951F700C7E889 /* Assets.xcassets in Resources */,
				A218D03C20D9596000021695 /* Main.storyboard in Resources */,
			);
			runOnlyForDeploymentPostprocessing = 0;
		};
/* End PBXResourcesBuildPhase section */

/* Begin PBXShellScriptBuildPhase section */
		32F65EC9367E8D459A8496EB /* [CP] Check Pods Manifest.lock */ = {
			isa = PBXShellScriptBuildPhase;
			buildActionMask = 2147483647;
			files = (
			);
			inputPaths = (
				"${PODS_PODFILE_DIR_PATH}/Podfile.lock",
				"${PODS_ROOT}/Manifest.lock",
			);
			name = "[CP] Check Pods Manifest.lock";
			outputPaths = (
				"$(DERIVED_FILE_DIR)/Pods-Eat&Share-checkManifestLockResult.txt",
			);
			runOnlyForDeploymentPostprocessing = 0;
			shellPath = /bin/sh;
			shellScript = "diff \"${PODS_PODFILE_DIR_PATH}/Podfile.lock\" \"${PODS_ROOT}/Manifest.lock\" > /dev/null\nif [ $? != 0 ] ; then\n    # print error to STDERR\n    echo \"error: The sandbox is not in sync with the Podfile.lock. Run 'pod install' or update your CocoaPods installation.\" >&2\n    exit 1\nfi\n# This output is used by Xcode 'outputs' to avoid re-running this script phase.\necho \"SUCCESS\" > \"${SCRIPT_OUTPUT_FILE_0}\"\n";
			showEnvVarsInLog = 0;
		};
/* End PBXShellScriptBuildPhase section */

/* Begin PBXSourcesBuildPhase section */
		A21C195C20D951F700C7E889 /* Sources */ = {
			isa = PBXSourcesBuildPhase;
			buildActionMask = 2147483647;
			files = (
				A21C196420D951F700C7E889 /* AppDelegate.swift in Sources */,
			);
			runOnlyForDeploymentPostprocessing = 0;
		};
/* End PBXSourcesBuildPhase section */

/* Begin XCBuildConfiguration section */
		A21C197020D951F700C7E889 /* Debug */ = {
			isa = XCBuildConfiguration;
			buildSettings = {
				ALWAYS_SEARCH_USER_PATHS = NO;
				CLANG_ANALYZER_NONNULL = YES;
				CLANG_ANALYZER_NUMBER_OBJECT_CONVERSION = YES_AGGRESSIVE;
				CLANG_CXX_LANGUAGE_STANDARD = "gnu++14";
				CLANG_CXX_LIBRARY = "libc++";
				CLANG_ENABLE_MODULES = YES;
				CLANG_ENABLE_OBJC_ARC = YES;
				CLANG_WARN_BLOCK_CAPTURE_AUTORELEASING = YES;
				CLANG_WARN_BOOL_CONVERSION = YES;
				CLANG_WARN_COMMA = YES;
				CLANG_WARN_CONSTANT_CONVERSION = YES;
				CLANG_WARN_DIRECT_OBJC_ISA_USAGE = YES_ERROR;
				CLANG_WARN_DOCUMENTATION_COMMENTS = YES;
				CLANG_WARN_EMPTY_BODY = YES;
				CLANG_WARN_ENUM_CONVERSION = YES;
				CLANG_WARN_INFINITE_RECURSION = YES;
				CLANG_WARN_INT_CONVERSION = YES;
				CLANG_WARN_NON_LITERAL_NULL_CONVERSION = YES;
				CLANG_WARN_OBJC_LITERAL_CONVERSION = YES;
				CLANG_WARN_OBJC_ROOT_CLASS = YES_ERROR;
				CLANG_WARN_RANGE_LOOP_ANALYSIS = YES;
				CLANG_WARN_STRICT_PROTOTYPES = YES;
				CLANG_WARN_SUSPICIOUS_MOVE = YES;
				CLANG_WARN_UNGUARDED_AVAILABILITY = YES_AGGRESSIVE;
				CLANG_WARN_UNREACHABLE_CODE = YES;
				CLANG_WARN__DUPLICATE_METHOD_MATCH = YES;
				CODE_SIGN_IDENTITY = "iPhone Developer";
				COPY_PHASE_STRIP = NO;
				DEBUG_INFORMATION_FORMAT = dwarf;
				ENABLE_STRICT_OBJC_MSGSEND = YES;
				ENABLE_TESTABILITY = YES;
				GCC_C_LANGUAGE_STANDARD = gnu11;
				GCC_DYNAMIC_NO_PIC = NO;
				GCC_NO_COMMON_BLOCKS = YES;
				GCC_OPTIMIZATION_LEVEL = 0;
				GCC_PREPROCESSOR_DEFINITIONS = (
					"DEBUG=1",
					"$(inherited)",
				);
				GCC_WARN_64_TO_32_BIT_CONVERSION = YES;
				GCC_WARN_ABOUT_RETURN_TYPE = YES_ERROR;
				GCC_WARN_UNDECLARED_SELECTOR = YES;
				GCC_WARN_UNINITIALIZED_AUTOS = YES_AGGRESSIVE;
				GCC_WARN_UNUSED_FUNCTION = YES;
				GCC_WARN_UNUSED_VARIABLE = YES;
				IPHONEOS_DEPLOYMENT_TARGET = 11.2;
				MTL_ENABLE_DEBUG_INFO = YES;
				ONLY_ACTIVE_ARCH = YES;
				SDKROOT = iphoneos;
				SWIFT_ACTIVE_COMPILATION_CONDITIONS = DEBUG;
				SWIFT_OPTIMIZATION_LEVEL = "-Onone";
			};
			name = Debug;
		};
		A21C197120D951F700C7E889 /* Release */ = {
			isa = XCBuildConfiguration;
			buildSettings = {
				ALWAYS_SEARCH_USER_PATHS = NO;
				CLANG_ANALYZER_NONNULL = YES;
				CLANG_ANALYZER_NUMBER_OBJECT_CONVERSION = YES_AGGRESSIVE;
				CLANG_CXX_LANGUAGE_STANDARD = "gnu++14";
				CLANG_CXX_LIBRARY = "libc++";
				CLANG_ENABLE_MODULES = YES;
				CLANG_ENABLE_OBJC_ARC = YES;
				CLANG_WARN_BLOCK_CAPTURE_AUTORELEASING = YES;
				CLANG_WARN_BOOL_CONVERSION = YES;
				CLANG_WARN_COMMA = YES;
				CLANG_WARN_CONSTANT_CONVERSION = YES;
				CLANG_WARN_DIRECT_OBJC_ISA_USAGE = YES_ERROR;
				CLANG_WARN_DOCUMENTATION_COMMENTS = YES;
				CLANG_WARN_EMPTY_BODY = YES;
				CLANG_WARN_ENUM_CONVERSION = YES;
				CLANG_WARN_INFINITE_RECURSION = YES;
				CLANG_WARN_INT_CONVERSION = YES;
				CLANG_WARN_NON_LITERAL_NULL_CONVERSION = YES;
				CLANG_WARN_OBJC_LITERAL_CONVERSION = YES;
				CLANG_WARN_OBJC_ROOT_CLASS = YES_ERROR;
				CLANG_WARN_RANGE_LOOP_ANALYSIS = YES;
				CLANG_WARN_STRICT_PROTOTYPES = YES;
				CLANG_WARN_SUSPICIOUS_MOVE = YES;
				CLANG_WARN_UNGUARDED_AVAILABILITY = YES_AGGRESSIVE;
				CLANG_WARN_UNREACHABLE_CODE = YES;
				CLANG_WARN__DUPLICATE_METHOD_MATCH = YES;
				CODE_SIGN_IDENTITY = "iPhone Developer";
				COPY_PHASE_STRIP = NO;
				DEBUG_INFORMATION_FORMAT = "dwarf-with-dsym";
				ENABLE_NS_ASSERTIONS = NO;
				ENABLE_STRICT_OBJC_MSGSEND = YES;
				GCC_C_LANGUAGE_STANDARD = gnu11;
				GCC_NO_COMMON_BLOCKS = YES;
				GCC_WARN_64_TO_32_BIT_CONVERSION = YES;
				GCC_WARN_ABOUT_RETURN_TYPE = YES_ERROR;
				GCC_WARN_UNDECLARED_SELECTOR = YES;
				GCC_WARN_UNINITIALIZED_AUTOS = YES_AGGRESSIVE;
				GCC_WARN_UNUSED_FUNCTION = YES;
				GCC_WARN_UNUSED_VARIABLE = YES;
				IPHONEOS_DEPLOYMENT_TARGET = 11.2;
				MTL_ENABLE_DEBUG_INFO = NO;
				SDKROOT = iphoneos;
				SWIFT_OPTIMIZATION_LEVEL = "-Owholemodule";
				VALIDATE_PRODUCT = YES;
			};
			name = Release;
		};
		A21C197320D951F700C7E889 /* Debug */ = {
			isa = XCBuildConfiguration;
			baseConfigurationReference = 6AAE8A0F297003E15BDAC4BF /* Pods-Eat&Share.debug.xcconfig */;
			buildSettings = {
				ASSETCATALOG_COMPILER_APPICON_NAME = AppIcon;
				CODE_SIGN_STYLE = Automatic;
				DEVELOPMENT_TEAM = Z36L95JYG5;
				INFOPLIST_FILE = "Eat&Share/Info.plist";
				LD_RUNPATH_SEARCH_PATHS = "$(inherited) @executable_path/Frameworks";
				PRODUCT_BUNDLE_IDENTIFIER = "com.MDlab.Eat-Share";
				PRODUCT_NAME = "$(TARGET_NAME)";
				SWIFT_VERSION = 4.0;
				TARGETED_DEVICE_FAMILY = "1,2";
			};
			name = Debug;
		};
		A21C197420D951F700C7E889 /* Release */ = {
			isa = XCBuildConfiguration;
			baseConfigurationReference = A1F24E517D55C20B99600FD1 /* Pods-Eat&Share.release.xcconfig */;
			buildSettings = {
				ASSETCATALOG_COMPILER_APPICON_NAME = AppIcon;
				CODE_SIGN_STYLE = Automatic;
				DEVELOPMENT_TEAM = Z36L95JYG5;
				INFOPLIST_FILE = "Eat&Share/Info.plist";
				LD_RUNPATH_SEARCH_PATHS = "$(inherited) @executable_path/Frameworks";
				PRODUCT_BUNDLE_IDENTIFIER = "com.MDlab.Eat-Share";
				PRODUCT_NAME = "$(TARGET_NAME)";
				SWIFT_VERSION = 4.0;
				TARGETED_DEVICE_FAMILY = "1,2";
			};
			name = Release;
		};
/* End XCBuildConfiguration section */

/* Begin XCConfigurationList section */
		A21C195B20D951F700C7E889 /* Build configuration list for PBXProject "Eat&Share" */ = {
			isa = XCConfigurationList;
			buildConfigurations = (
				A21C197020D951F700C7E889 /* Debug */,
				A21C197120D951F700C7E889 /* Release */,
			);
			defaultConfigurationIsVisible = 0;
			defaultConfigurationName = Release;
		};
		A21C197220D951F700C7E889 /* Build configuration list for PBXNativeTarget "Eat&Share" */ = {
			isa = XCConfigurationList;
			buildConfigurations = (
				A21C197320D951F700C7E889 /* Debug */,
				A21C197420D951F700C7E889 /* Release */,
			);
			defaultConfigurationIsVisible = 0;
			defaultConfigurationName = Release;
		};
/* End XCConfigurationList section */
	};
	rootObject = A21C195820D951F700C7E889 /* Project object */;
}
